
Microsoft Visual Studio Solution File, Format Version 12.00
# Visual Studio Version 16
VisualStudioVersion = 16.0.31424.327
MinimumVisualStudioVersion = 10.0.40219.1
Project("{2150E333-8FDC-42A3-9474-1A3956D46DE8}") = "MicroServices", "MicroServices", "{A82DF353-7BAE-49F7-8CCA-F05A3A034E34}"
EndProject
Project("{2150E333-8FDC-42A3-9474-1A3956D46DE8}") = "Domain", "Domain", "{45F3DA16-7514-4D01-9A4F-C728656D52CA}"
EndProject
Project("{2150E333-8FDC-42A3-9474-1A3956D46DE8}") = "Infra.Bus", "Infra.Bus", "{2D4B937A-0657-4089-8AB8-21670DF87618}"
EndProject
Project("{2150E333-8FDC-42A3-9474-1A3956D46DE8}") = "Infra.IoC", "Infra.IoC", "{83187401-7A09-4DEC-B9F3-F0E938BAD445}"
EndProject
Project("{2150E333-8FDC-42A3-9474-1A3956D46DE8}") = "Presentation", "Presentation", "{54878BA8-3F73-49F2-B7E5-D47055CE5F00}"
EndProject
Project("{9A19103F-16F7-4668-BE54-9A1E7A4F7556}") = "MicroRabbit.Domain.Core", "MicroRabbit.Domain.Core\MicroRabbit.Domain.Core.csproj", "{062A7DD0-F71A-4AD2-AAEA-39C27722EABE}"
EndProject
Project("{9A19103F-16F7-4668-BE54-9A1E7A4F7556}") = "MicroRabbit.Infra.Bus", "MicroRabbit.Infra.Bus\MicroRabbit.Infra.Bus.csproj", "{A3782171-A50C-47BA-AA4D-C30DA7E59B5C}"
EndProject
Project("{9A19103F-16F7-4668-BE54-9A1E7A4F7556}") = "MicroRabbit.Infra.IoC", "MicroRabbit.Infra.IoC\MicroRabbit.Infra.IoC.csproj", "{A80BC50C-DE48-43E8-963A-EACBFDE15559}"
EndProject
Project("{2150E333-8FDC-42A3-9474-1A3956D46DE8}") = "Banking", "Banking", "{6D585198-FEA9-4817-9F66-EEB38098F27C}"
EndProject
Project("{2150E333-8FDC-42A3-9474-1A3956D46DE8}") = "API", "API", "{8FF34AEE-0BD6-4575-87DF-05F19644A66E}"
EndProject
Project("{2150E333-8FDC-42A3-9474-1A3956D46DE8}") = "Domain", "Domain", "{029515DC-2C9C-4FCE-B04B-8C839CB7E51F}"
EndProject
Project("{2150E333-8FDC-42A3-9474-1A3956D46DE8}") = "Application", "Application", "{9CE11813-99B7-4B15-9EAF-FFAE6A7A4041}"
EndProject
Project("{2150E333-8FDC-42A3-9474-1A3956D46DE8}") = "Data", "Data", "{80E4E045-3B29-4A40-B75F-E4800437E6B7}"
EndProject
Project("{9A19103F-16F7-4668-BE54-9A1E7A4F7556}") = "MicroRabbit.Banking.Api", "MicroRabbit.Baking.Api\MicroRabbit.Banking.Api.csproj", "{1F7FB020-D8A5-4CFB-9C07-C294142C7592}"
EndProject
Project("{9A19103F-16F7-4668-BE54-9A1E7A4F7556}") = "MicroRabbit.Banking.Application", "MicroRabbit.Banking.Application\MicroRabbit.Banking.Application.csproj", "{83D9FE67-CFBD-43AE-9FA3-9496D8BF90A2}"
EndProject
Project("{9A19103F-16F7-4668-BE54-9A1E7A4F7556}") = "MicroRabbit.Banking.Data", "MicroRabbit.Banking.Data\MicroRabbit.Banking.Data.csproj", "{D7F55EBC-A224-4C80-B657-EE092CC9C3A3}"
EndProject
Project("{9A19103F-16F7-4668-BE54-9A1E7A4F7556}") = "MicroRabbit.Banking.Domain", "MicroRabbit.Banking.Domain\MicroRabbit.Banking.Domain.csproj", "{24F96B1E-5252-47B1-8D65-C8459E580DCB}"
EndProject
Project("{2150E333-8FDC-42A3-9474-1A3956D46DE8}") = "Transfer", "Transfer", "{1A4B94EB-4A0B-4519-8491-7AE905FD5C39}"
EndProject
Project("{2150E333-8FDC-42A3-9474-1A3956D46DE8}") = "API", "API", "{9528820E-60BE-45F0-83C7-4B8FB014E4F3}"
EndProject
Project("{2150E333-8FDC-42A3-9474-1A3956D46DE8}") = "Application", "Application", "{D4185754-3D42-45D7-B15A-16151EB71DBF}"
EndProject
Project("{2150E333-8FDC-42A3-9474-1A3956D46DE8}") = "Data", "Data", "{4548F7CB-BD58-4F2A-96CE-F1B902CF168C}"
EndProject
Project("{2150E333-8FDC-42A3-9474-1A3956D46DE8}") = "Domain", "Domain", "{57D76D00-641C-4AF0-B6CF-6AE9FDFE46DE}"
EndProject
Project("{9A19103F-16F7-4668-BE54-9A1E7A4F7556}") = "MicroRabbit.Transfer.Api", "MicroRabbit.Transfer.Api\MicroRabbit.Transfer.Api.csproj", "{762D1FCB-D843-4073-B69D-01AC55EB0460}"
EndProject
Project("{9A19103F-16F7-4668-BE54-9A1E7A4F7556}") = "MicroRabbit.Transfer.Application", "MicroRabbit.Transfer.Application\MicroRabbit.Transfer.Application.csproj", "{D39CF0F4-546F-4856-81E2-6561A493D662}"
EndProject
Project("{9A19103F-16F7-4668-BE54-9A1E7A4F7556}") = "MicroRabbit.Transfer.Data", "MicroRabbit.Transfer.Data\MicroRabbit.Transfer.Data.csproj", "{3960A97F-905A-40E0-827E-95450119FFCC}"
EndProject
Project("{9A19103F-16F7-4668-BE54-9A1E7A4F7556}") = "MicroRabbit.Transfer.Domain", "MicroRabbit.Transfer.Domain\MicroRabbit.Transfer.Domain.csproj", "{88FDFDD8-D101-4765-8092-3E9834EDE6C1}"
EndProject
Project("{2150E333-8FDC-42A3-9474-1A3956D46DE8}") = "Infra.Bus", "Infra.Bus", "{F2C8EE59-234D-4136-B9B5-F8CD7F326B00}"
EndProject
Project("{FAE04EC0-301F-11D3-BF4B-00C04F79EFBC}") = "MicroRabbit.Transfer.RabbitMQBus", "MicroRabbit.Transfer.RabbitMQBus\MicroRabbit.Transfer.RabbitMQBus.csproj", "{35A85439-2227-4220-815C-8928BE1D68E4}"
EndProject
Global
	GlobalSection(SolutionConfigurationPlatforms) = preSolution
		Debug|Any CPU = Debug|Any CPU
		Release|Any CPU = Release|Any CPU
	EndGlobalSection
	GlobalSection(ProjectConfigurationPlatforms) = postSolution
		{062A7DD0-F71A-4AD2-AAEA-39C27722EABE}.Debug|Any CPU.ActiveCfg = Debug|Any CPU
		{062A7DD0-F71A-4AD2-AAEA-39C27722EABE}.Debug|Any CPU.Build.0 = Debug|Any CPU
		{062A7DD0-F71A-4AD2-AAEA-39C27722EABE}.Release|Any CPU.ActiveCfg = Release|Any CPU
		{062A7DD0-F71A-4AD2-AAEA-39C27722EABE}.Release|Any CPU.Build.0 = Release|Any CPU
		{A3782171-A50C-47BA-AA4D-C30DA7E59B5C}.Debug|Any CPU.ActiveCfg = Debug|Any CPU
		{A3782171-A50C-47BA-AA4D-C30DA7E59B5C}.Debug|Any CPU.Build.0 = Debug|Any CPU
		{A3782171-A50C-47BA-AA4D-C30DA7E59B5C}.Release|Any CPU.ActiveCfg = Release|Any CPU
		{A3782171-A50C-47BA-AA4D-C30DA7E59B5C}.Release|Any CPU.Build.0 = Release|Any CPU
		{A80BC50C-DE48-43E8-963A-EACBFDE15559}.Debug|Any CPU.ActiveCfg = Debug|Any CPU
		{A80BC50C-DE48-43E8-963A-EACBFDE15559}.Debug|Any CPU.Build.0 = Debug|Any CPU
		{A80BC50C-DE48-43E8-963A-EACBFDE15559}.Release|Any CPU.ActiveCfg = Release|Any CPU
		{A80BC50C-DE48-43E8-963A-EACBFDE15559}.Release|Any CPU.Build.0 = Release|Any CPU
		{1F7FB020-D8A5-4CFB-9C07-C294142C7592}.Debug|Any CPU.ActiveCfg = Debug|Any CPU
		{1F7FB020-D8A5-4CFB-9C07-C294142C7592}.Debug|Any CPU.Build.0 = Debug|Any CPU
		{1F7FB020-D8A5-4CFB-9C07-C294142C7592}.Release|Any CPU.ActiveCfg = Release|Any CPU
		{1F7FB020-D8A5-4CFB-9C07-C294142C7592}.Release|Any CPU.Build.0 = Release|Any CPU
		{83D9FE67-CFBD-43AE-9FA3-9496D8BF90A2}.Debug|Any CPU.ActiveCfg = Debug|Any CPU
		{83D9FE67-CFBD-43AE-9FA3-9496D8BF90A2}.Debug|Any CPU.Build.0 = Debug|Any CPU
		{83D9FE67-CFBD-43AE-9FA3-9496D8BF90A2}.Release|Any CPU.ActiveCfg = Release|Any CPU
		{83D9FE67-CFBD-43AE-9FA3-9496D8BF90A2}.Release|Any CPU.Build.0 = Release|Any CPU
		{D7F55EBC-A224-4C80-B657-EE092CC9C3A3}.Debug|Any CPU.ActiveCfg = Debug|Any CPU
		{D7F55EBC-A224-4C80-B657-EE092CC9C3A3}.Debug|Any CPU.Build.0 = Debug|Any CPU
		{D7F55EBC-A224-4C80-B657-EE092CC9C3A3}.Release|Any CPU.ActiveCfg = Release|Any CPU
		{D7F55EBC-A224-4C80-B657-EE092CC9C3A3}.Release|Any CPU.Build.0 = Release|Any CPU
		{24F96B1E-5252-47B1-8D65-C8459E580DCB}.Debug|Any CPU.ActiveCfg = Debug|Any CPU
		{24F96B1E-5252-47B1-8D65-C8459E580DCB}.Debug|Any CPU.Build.0 = Debug|Any CPU
		{24F96B1E-5252-47B1-8D65-C8459E580DCB}.Release|Any CPU.ActiveCfg = Release|Any CPU
		{24F96B1E-5252-47B1-8D65-C8459E580DCB}.Release|Any CPU.Build.0 = Release|Any CPU
		{762D1FCB-D843-4073-B69D-01AC55EB0460}.Debug|Any CPU.ActiveCfg = Debug|Any CPU
		{762D1FCB-D843-4073-B69D-01AC55EB0460}.Debug|Any CPU.Build.0 = Debug|Any CPU
		{762D1FCB-D843-4073-B69D-01AC55EB0460}.Release|Any CPU.ActiveCfg = Release|Any CPU
		{762D1FCB-D843-4073-B69D-01AC55EB0460}.Release|Any CPU.Build.0 = Release|Any CPU
		{D39CF0F4-546F-4856-81E2-6561A493D662}.Debug|Any CPU.ActiveCfg = Debug|Any CPU
		{D39CF0F4-546F-4856-81E2-6561A493D662}.Debug|Any CPU.Build.0 = Debug|Any CPU
		{D39CF0F4-546F-4856-81E2-6561A493D662}.Release|Any CPU.ActiveCfg = Release|Any CPU
		{D39CF0F4-546F-4856-81E2-6561A493D662}.Release|Any CPU.Build.0 = Release|Any CPU
		{3960A97F-905A-40E0-827E-95450119FFCC}.Debug|Any CPU.ActiveCfg = Debug|Any CPU
		{3960A97F-905A-40E0-827E-95450119FFCC}.Debug|Any CPU.Build.0 = Debug|Any CPU
		{3960A97F-905A-40E0-827E-95450119FFCC}.Release|Any CPU.ActiveCfg = Release|Any CPU
		{3960A97F-905A-40E0-827E-95450119FFCC}.Release|Any CPU.Build.0 = Release|Any CPU
		{88FDFDD8-D101-4765-8092-3E9834EDE6C1}.Debug|Any CPU.ActiveCfg = Debug|Any CPU
		{88FDFDD8-D101-4765-8092-3E9834EDE6C1}.Debug|Any CPU.Build.0 = Debug|Any CPU
		{88FDFDD8-D101-4765-8092-3E9834EDE6C1}.Release|Any CPU.ActiveCfg = Release|Any CPU
		{88FDFDD8-D101-4765-8092-3E9834EDE6C1}.Release|Any CPU.Build.0 = Release|Any CPU
		{35A85439-2227-4220-815C-8928BE1D68E4}.Debug|Any CPU.ActiveCfg = Debug|Any CPU
		{35A85439-2227-4220-815C-8928BE1D68E4}.Debug|Any CPU.Build.0 = Debug|Any CPU
		{35A85439-2227-4220-815C-8928BE1D68E4}.Release|Any CPU.ActiveCfg = Release|Any CPU
		{35A85439-2227-4220-815C-8928BE1D68E4}.Release|Any CPU.Build.0 = Release|Any CPU
	EndGlobalSection
	GlobalSection(SolutionProperties) = preSolution
		HideSolutionNode = FALSE
	EndGlobalSection
	GlobalSection(NestedProjects) = preSolution
		{54878BA8-3F73-49F2-B7E5-D47055CE5F00} = {A82DF353-7BAE-49F7-8CCA-F05A3A034E34}
		{062A7DD0-F71A-4AD2-AAEA-39C27722EABE} = {45F3DA16-7514-4D01-9A4F-C728656D52CA}
		{A3782171-A50C-47BA-AA4D-C30DA7E59B5C} = {2D4B937A-0657-4089-8AB8-21670DF87618}
		{A80BC50C-DE48-43E8-963A-EACBFDE15559} = {83187401-7A09-4DEC-B9F3-F0E938BAD445}
		{6D585198-FEA9-4817-9F66-EEB38098F27C} = {A82DF353-7BAE-49F7-8CCA-F05A3A034E34}
		{8FF34AEE-0BD6-4575-87DF-05F19644A66E} = {6D585198-FEA9-4817-9F66-EEB38098F27C}
		{029515DC-2C9C-4FCE-B04B-8C839CB7E51F} = {6D585198-FEA9-4817-9F66-EEB38098F27C}
		{9CE11813-99B7-4B15-9EAF-FFAE6A7A4041} = {6D585198-FEA9-4817-9F66-EEB38098F27C}
		{80E4E045-3B29-4A40-B75F-E4800437E6B7} = {6D585198-FEA9-4817-9F66-EEB38098F27C}
		{1F7FB020-D8A5-4CFB-9C07-C294142C7592} = {8FF34AEE-0BD6-4575-87DF-05F19644A66E}
		{83D9FE67-CFBD-43AE-9FA3-9496D8BF90A2} = {9CE11813-99B7-4B15-9EAF-FFAE6A7A4041}
		{D7F55EBC-A224-4C80-B657-EE092CC9C3A3} = {80E4E045-3B29-4A40-B75F-E4800437E6B7}
		{24F96B1E-5252-47B1-8D65-C8459E580DCB} = {029515DC-2C9C-4FCE-B04B-8C839CB7E51F}
		{1A4B94EB-4A0B-4519-8491-7AE905FD5C39} = {A82DF353-7BAE-49F7-8CCA-F05A3A034E34}
		{9528820E-60BE-45F0-83C7-4B8FB014E4F3} = {1A4B94EB-4A0B-4519-8491-7AE905FD5C39}
		{D4185754-3D42-45D7-B15A-16151EB71DBF} = {1A4B94EB-4A0B-4519-8491-7AE905FD5C39}
		{4548F7CB-BD58-4F2A-96CE-F1B902CF168C} = {1A4B94EB-4A0B-4519-8491-7AE905FD5C39}
		{57D76D00-641C-4AF0-B6CF-6AE9FDFE46DE} = {1A4B94EB-4A0B-4519-8491-7AE905FD5C39}
		{762D1FCB-D843-4073-B69D-01AC55EB0460} = {9528820E-60BE-45F0-83C7-4B8FB014E4F3}
		{D39CF0F4-546F-4856-81E2-6561A493D662} = {D4185754-3D42-45D7-B15A-16151EB71DBF}
		{3960A97F-905A-40E0-827E-95450119FFCC} = {4548F7CB-BD58-4F2A-96CE-F1B902CF168C}
		{88FDFDD8-D101-4765-8092-3E9834EDE6C1} = {57D76D00-641C-4AF0-B6CF-6AE9FDFE46DE}
		{F2C8EE59-234D-4136-B9B5-F8CD7F326B00} = {1A4B94EB-4A0B-4519-8491-7AE905FD5C39}
		{35A85439-2227-4220-815C-8928BE1D68E4} = {F2C8EE59-234D-4136-B9B5-F8CD7F326B00}
	EndGlobalSection
	GlobalSection(ExtensibilityGlobals) = postSolution
		SolutionGuid = {C176C3DD-CEAC-4D59-93BE-B5BB9017D917}
	EndGlobalSection
EndGlobal
